// !$*UTF8*$!
{
	archiveVersion = 1;
	classes = {
	};
	objectVersion = 56;
	objects = {

/* Begin PBXBuildFile section */
		C74995312A1F006200AA2251 /* ViewController+Extension.swift in Sources */ = {isa = PBXBuildFile; fileRef = C74995302A1F006200AA2251 /* ViewController+Extension.swift */; };
		C7926EE52A1498D700AD708C /* AppDelegate.swift in Sources */ = {isa = PBXBuildFile; fileRef = C7926EE42A1498D700AD708C /* AppDelegate.swift */; };
		C7926EE72A1498D700AD708C /* SceneDelegate.swift in Sources */ = {isa = PBXBuildFile; fileRef = C7926EE62A1498D700AD708C /* SceneDelegate.swift */; };
		C7926EE92A1498D700AD708C /* ViewController.swift in Sources */ = {isa = PBXBuildFile; fileRef = C7926EE82A1498D700AD708C /* ViewController.swift */; };
		C7926EEE2A1498D800AD708C /* Assets.xcassets in Resources */ = {isa = PBXBuildFile; fileRef = C7926EED2A1498D800AD708C /* Assets.xcassets */; };
		C7926EF12A1498D800AD708C /* LaunchScreen.storyboard in Resources */ = {isa = PBXBuildFile; fileRef = C7926EEF2A1498D800AD708C /* LaunchScreen.storyboard */; };
		C7926EFC2A14A57A00AD708C /* UIControl+Extension.swift in Sources */ = {isa = PBXBuildFile; fileRef = C7926EFB2A14A57A00AD708C /* UIControl+Extension.swift */; };
		C7926EFE2A14A5BD00AD708C /* GesturePublisher.swift in Sources */ = {isa = PBXBuildFile; fileRef = C7926EFD2A14A5BD00AD708C /* GesturePublisher.swift */; };
		C7926F002A14A6A600AD708C /* BaseViewController.swift in Sources */ = {isa = PBXBuildFile; fileRef = C7926EFF2A14A6A600AD708C /* BaseViewController.swift */; };
		C7926F022A14A94600AD708C /* Color.xcassets in Resources */ = {isa = PBXBuildFile; fileRef = C7926F012A14A94600AD708C /* Color.xcassets */; };
		C7926F042A14A98600AD708C /* UIColor+Extension.swift in Sources */ = {isa = PBXBuildFile; fileRef = C7926F032A14A98600AD708C /* UIColor+Extension.swift */; };
		C7926F082A14AC0100AD708C /* ViewModel.swift in Sources */ = {isa = PBXBuildFile; fileRef = C7926F072A14AC0100AD708C /* ViewModel.swift */; };
		C7926F102A14ADBD00AD708C /* SettingViewController.swift in Sources */ = {isa = PBXBuildFile; fileRef = C7926F0F2A14ADBD00AD708C /* SettingViewController.swift */; };
		C7926F142A14B56900AD708C /* RequestManager.swift in Sources */ = {isa = PBXBuildFile; fileRef = C7926F132A14B56900AD708C /* RequestManager.swift */; };
		C7926F162A14B58500AD708C /* HTTPMethod.swift in Sources */ = {isa = PBXBuildFile; fileRef = C7926F152A14B58500AD708C /* HTTPMethod.swift */; };
		C7926F192A14BEF800AD708C /* LoginViewController.swift in Sources */ = {isa = PBXBuildFile; fileRef = C7926F182A14BEF800AD708C /* LoginViewController.swift */; };
		C7926F1B2A14BFE300AD708C /* PersistenceManager.swift in Sources */ = {isa = PBXBuildFile; fileRef = C7926F1A2A14BFE300AD708C /* PersistenceManager.swift */; };
		C7926F1E2A14CB9800AD708C /* NetworkError.swift in Sources */ = {isa = PBXBuildFile; fileRef = C7926F1D2A14CB9800AD708C /* NetworkError.swift */; };
		C7926F202A14CF3400AD708C /* GithubAPI.swift in Sources */ = {isa = PBXBuildFile; fileRef = C7926F1F2A14CF3400AD708C /* GithubAPI.swift */; };
		C7926F222A14D20B00AD708C /* Token.swift in Sources */ = {isa = PBXBuildFile; fileRef = C7926F212A14D20B00AD708C /* Token.swift */; };
		C7C3A7512A1C3A770076C829 /* UIView+Extension.swift in Sources */ = {isa = PBXBuildFile; fileRef = C7C3A7502A1C3A770076C829 /* UIView+Extension.swift */; };
		C7C3A7532A1C3FCE0076C829 /* Data+Extension.swift in Sources */ = {isa = PBXBuildFile; fileRef = C7C3A7522A1C3FCE0076C829 /* Data+Extension.swift */; };
		C7C3A7562A1C43930076C829 /* UIApplication+Extension.swift in Sources */ = {isa = PBXBuildFile; fileRef = C7C3A7552A1C43930076C829 /* UIApplication+Extension.swift */; };
		C7C3A7582A1C447E0076C829 /* WindowManager.swift in Sources */ = {isa = PBXBuildFile; fileRef = C7C3A7572A1C447E0076C829 /* WindowManager.swift */; };
		C7C3A75A2A1C49C70076C829 /* SettingType.swift in Sources */ = {isa = PBXBuildFile; fileRef = C7C3A7592A1C49C70076C829 /* SettingType.swift */; };
		C7C3A75C2A1C4A190076C829 /* SettingViewController+Extension.swift in Sources */ = {isa = PBXBuildFile; fileRef = C7C3A75B2A1C4A190076C829 /* SettingViewController+Extension.swift */; };
		C7FFBEBB2A1CE56F002C63E2 /* RequestManager+Result.swift in Sources */ = {isa = PBXBuildFile; fileRef = C7FFBEBA2A1CE56F002C63E2 /* RequestManager+Result.swift */; };
		C7FFBEBD2A1CE582002C63E2 /* RequestManager+Generic.swift in Sources */ = {isa = PBXBuildFile; fileRef = C7FFBEBC2A1CE582002C63E2 /* RequestManager+Generic.swift */; };
		C7FFBEBF2A1CE753002C63E2 /* User.swift in Sources */ = {isa = PBXBuildFile; fileRef = C7FFBEBE2A1CE753002C63E2 /* User.swift */; };
		C7FFBEC12A1CEA27002C63E2 /* CGFloat+Extension.swift in Sources */ = {isa = PBXBuildFile; fileRef = C7FFBEC02A1CEA27002C63E2 /* CGFloat+Extension.swift */; };
		C7FFBEC32A1CEC2C002C63E2 /* UIImageView+Extension.swift in Sources */ = {isa = PBXBuildFile; fileRef = C7FFBEC22A1CEC2C002C63E2 /* UIImageView+Extension.swift */; };
		C7FFBEC52A1DA7F0002C63E2 /* SetDeadlineViewController.swift in Sources */ = {isa = PBXBuildFile; fileRef = C7FFBEC42A1DA7F0002C63E2 /* SetDeadlineViewController.swift */; };
		C7FFBEC72A1DAA28002C63E2 /* SetGoalViewController.swift in Sources */ = {isa = PBXBuildFile; fileRef = C7FFBEC62A1DAA28002C63E2 /* SetGoalViewController.swift */; };
		C7FFBECA2A1DAF7E002C63E2 /* Goal.swift in Sources */ = {isa = PBXBuildFile; fileRef = C7FFBEC92A1DAF7E002C63E2 /* Goal.swift */; };
		C7FFBECD2A1DB035002C63E2 /* GoalCollectionViewCell.swift in Sources */ = {isa = PBXBuildFile; fileRef = C7FFBECB2A1DB035002C63E2 /* GoalCollectionViewCell.swift */; };
		C7FFBECE2A1DB035002C63E2 /* GoalCollectionViewCell.xib in Resources */ = {isa = PBXBuildFile; fileRef = C7FFBECC2A1DB035002C63E2 /* GoalCollectionViewCell.xib */; };
/* End PBXBuildFile section */

/* Begin PBXFileReference section */
		C74995302A1F006200AA2251 /* ViewController+Extension.swift */ = {isa = PBXFileReference; lastKnownFileType = sourcecode.swift; path = "ViewController+Extension.swift"; sourceTree = "<group>"; };
		C7926EE12A1498D700AD708C /* DUX.app */ = {isa = PBXFileReference; explicitFileType = wrapper.application; includeInIndex = 0; path = DUX.app; sourceTree = BUILT_PRODUCTS_DIR; };
		C7926EE42A1498D700AD708C /* AppDelegate.swift */ = {isa = PBXFileReference; lastKnownFileType = sourcecode.swift; path = AppDelegate.swift; sourceTree = "<group>"; };
		C7926EE62A1498D700AD708C /* SceneDelegate.swift */ = {isa = PBXFileReference; lastKnownFileType = sourcecode.swift; path = SceneDelegate.swift; sourceTree = "<group>"; };
		C7926EE82A1498D700AD708C /* ViewController.swift */ = {isa = PBXFileReference; lastKnownFileType = sourcecode.swift; path = ViewController.swift; sourceTree = "<group>"; };
		C7926EED2A1498D800AD708C /* Assets.xcassets */ = {isa = PBXFileReference; lastKnownFileType = folder.assetcatalog; path = Assets.xcassets; sourceTree = "<group>"; };
		C7926EF02A1498D800AD708C /* Base */ = {isa = PBXFileReference; lastKnownFileType = file.storyboard; name = Base; path = Base.lproj/LaunchScreen.storyboard; sourceTree = "<group>"; };
		C7926EF22A1498D800AD708C /* Info.plist */ = {isa = PBXFileReference; lastKnownFileType = text.plist.xml; path = Info.plist; sourceTree = "<group>"; };
		C7926EFB2A14A57A00AD708C /* UIControl+Extension.swift */ = {isa = PBXFileReference; lastKnownFileType = sourcecode.swift; path = "UIControl+Extension.swift"; sourceTree = "<group>"; };
		C7926EFD2A14A5BD00AD708C /* GesturePublisher.swift */ = {isa = PBXFileReference; lastKnownFileType = sourcecode.swift; path = GesturePublisher.swift; sourceTree = "<group>"; };
		C7926EFF2A14A6A600AD708C /* BaseViewController.swift */ = {isa = PBXFileReference; lastKnownFileType = sourcecode.swift; path = BaseViewController.swift; sourceTree = "<group>"; };
		C7926F012A14A94600AD708C /* Color.xcassets */ = {isa = PBXFileReference; lastKnownFileType = folder.assetcatalog; path = Color.xcassets; sourceTree = "<group>"; };
		C7926F032A14A98600AD708C /* UIColor+Extension.swift */ = {isa = PBXFileReference; lastKnownFileType = sourcecode.swift; path = "UIColor+Extension.swift"; sourceTree = "<group>"; };
		C7926F072A14AC0100AD708C /* ViewModel.swift */ = {isa = PBXFileReference; lastKnownFileType = sourcecode.swift; path = ViewModel.swift; sourceTree = "<group>"; };
		C7926F0F2A14ADBD00AD708C /* SettingViewController.swift */ = {isa = PBXFileReference; lastKnownFileType = sourcecode.swift; path = SettingViewController.swift; sourceTree = "<group>"; };
		C7926F132A14B56900AD708C /* RequestManager.swift */ = {isa = PBXFileReference; lastKnownFileType = sourcecode.swift; path = RequestManager.swift; sourceTree = "<group>"; };
		C7926F152A14B58500AD708C /* HTTPMethod.swift */ = {isa = PBXFileReference; lastKnownFileType = sourcecode.swift; path = HTTPMethod.swift; sourceTree = "<group>"; };
		C7926F182A14BEF800AD708C /* LoginViewController.swift */ = {isa = PBXFileReference; lastKnownFileType = sourcecode.swift; path = LoginViewController.swift; sourceTree = "<group>"; };
		C7926F1A2A14BFE300AD708C /* PersistenceManager.swift */ = {isa = PBXFileReference; lastKnownFileType = sourcecode.swift; path = PersistenceManager.swift; sourceTree = "<group>"; };
		C7926F1D2A14CB9800AD708C /* NetworkError.swift */ = {isa = PBXFileReference; lastKnownFileType = sourcecode.swift; path = NetworkError.swift; sourceTree = "<group>"; };
		C7926F1F2A14CF3400AD708C /* GithubAPI.swift */ = {isa = PBXFileReference; lastKnownFileType = sourcecode.swift; path = GithubAPI.swift; sourceTree = "<group>"; };
		C7926F212A14D20B00AD708C /* Token.swift */ = {isa = PBXFileReference; lastKnownFileType = sourcecode.swift; path = Token.swift; sourceTree = "<group>"; };
		C7C3A7502A1C3A770076C829 /* UIView+Extension.swift */ = {isa = PBXFileReference; lastKnownFileType = sourcecode.swift; path = "UIView+Extension.swift"; sourceTree = "<group>"; };
		C7C3A7522A1C3FCE0076C829 /* Data+Extension.swift */ = {isa = PBXFileReference; lastKnownFileType = sourcecode.swift; path = "Data+Extension.swift"; sourceTree = "<group>"; };
		C7C3A7552A1C43930076C829 /* UIApplication+Extension.swift */ = {isa = PBXFileReference; lastKnownFileType = sourcecode.swift; path = "UIApplication+Extension.swift"; sourceTree = "<group>"; };
		C7C3A7572A1C447E0076C829 /* WindowManager.swift */ = {isa = PBXFileReference; lastKnownFileType = sourcecode.swift; path = WindowManager.swift; sourceTree = "<group>"; };
		C7C3A7592A1C49C70076C829 /* SettingType.swift */ = {isa = PBXFileReference; lastKnownFileType = sourcecode.swift; path = SettingType.swift; sourceTree = "<group>"; };
		C7C3A75B2A1C4A190076C829 /* SettingViewController+Extension.swift */ = {isa = PBXFileReference; lastKnownFileType = sourcecode.swift; path = "SettingViewController+Extension.swift"; sourceTree = "<group>"; };
		C7FFBEBA2A1CE56F002C63E2 /* RequestManager+Result.swift */ = {isa = PBXFileReference; lastKnownFileType = sourcecode.swift; path = "RequestManager+Result.swift"; sourceTree = "<group>"; };
		C7FFBEBC2A1CE582002C63E2 /* RequestManager+Generic.swift */ = {isa = PBXFileReference; lastKnownFileType = sourcecode.swift; path = "RequestManager+Generic.swift"; sourceTree = "<group>"; };
		C7FFBEBE2A1CE753002C63E2 /* User.swift */ = {isa = PBXFileReference; lastKnownFileType = sourcecode.swift; path = User.swift; sourceTree = "<group>"; };
		C7FFBEC02A1CEA27002C63E2 /* CGFloat+Extension.swift */ = {isa = PBXFileReference; lastKnownFileType = sourcecode.swift; path = "CGFloat+Extension.swift"; sourceTree = "<group>"; };
		C7FFBEC22A1CEC2C002C63E2 /* UIImageView+Extension.swift */ = {isa = PBXFileReference; lastKnownFileType = sourcecode.swift; path = "UIImageView+Extension.swift"; sourceTree = "<group>"; };
		C7FFBEC42A1DA7F0002C63E2 /* SetDeadlineViewController.swift */ = {isa = PBXFileReference; lastKnownFileType = sourcecode.swift; path = SetDeadlineViewController.swift; sourceTree = "<group>"; };
		C7FFBEC62A1DAA28002C63E2 /* SetGoalViewController.swift */ = {isa = PBXFileReference; lastKnownFileType = sourcecode.swift; path = SetGoalViewController.swift; sourceTree = "<group>"; };
		C7FFBEC92A1DAF7E002C63E2 /* Goal.swift */ = {isa = PBXFileReference; lastKnownFileType = sourcecode.swift; path = Goal.swift; sourceTree = "<group>"; };
		C7FFBECB2A1DB035002C63E2 /* GoalCollectionViewCell.swift */ = {isa = PBXFileReference; lastKnownFileType = sourcecode.swift; path = GoalCollectionViewCell.swift; sourceTree = "<group>"; };
		C7FFBECC2A1DB035002C63E2 /* GoalCollectionViewCell.xib */ = {isa = PBXFileReference; lastKnownFileType = file.xib; path = GoalCollectionViewCell.xib; sourceTree = "<group>"; };
/* End PBXFileReference section */

/* Begin PBXFrameworksBuildPhase section */
		C7926EDE2A1498D700AD708C /* Frameworks */ = {
			isa = PBXFrameworksBuildPhase;
			buildActionMask = 2147483647;
			files = (
			);
			runOnlyForDeploymentPostprocessing = 0;
		};
/* End PBXFrameworksBuildPhase section */

/* Begin PBXGroup section */
		C7926ED82A1498D700AD708C = {
			isa = PBXGroup;
			children = (
				C7926EE32A1498D700AD708C /* DUX */,
				C7926EE22A1498D700AD708C /* Products */,
			);
			sourceTree = "<group>";
		};
		C7926EE22A1498D700AD708C /* Products */ = {
			isa = PBXGroup;
			children = (
				C7926EE12A1498D700AD708C /* DUX.app */,
			);
			name = Products;
			sourceTree = "<group>";
		};
		C7926EE32A1498D700AD708C /* DUX */ = {
			isa = PBXGroup;
			children = (
				C7926F112A14B37700AD708C /* GithubAPI */,
				C7926EFA2A14A46800AD708C /* Helper */,
				C7926EF92A14A42300AD708C /* App */,
				C7926F052A14ABF000AD708C /* View */,
			);
			path = DUX;
			sourceTree = "<group>";
		};
		C7926EF92A14A42300AD708C /* App */ = {
			isa = PBXGroup;
			children = (
				C7926EE42A1498D700AD708C /* AppDelegate.swift */,
				C7926EE62A1498D700AD708C /* SceneDelegate.swift */,
				C7926EED2A1498D800AD708C /* Assets.xcassets */,
				C7926F012A14A94600AD708C /* Color.xcassets */,
				C7926EEF2A1498D800AD708C /* LaunchScreen.storyboard */,
				C7926EF22A1498D800AD708C /* Info.plist */,
			);
			path = App;
			sourceTree = "<group>";
		};
		C7926EFA2A14A46800AD708C /* Helper */ = {
			isa = PBXGroup;
			children = (
				C7C3A7542A1C42B40076C829 /* Manager */,
				C7926F122A14B55900AD708C /* Extension */,
				C7926EFD2A14A5BD00AD708C /* GesturePublisher.swift */,
				C7926EFF2A14A6A600AD708C /* BaseViewController.swift */,
			);
			path = Helper;
			sourceTree = "<group>";
		};
		C7926F052A14ABF000AD708C /* View */ = {
			isa = PBXGroup;
			children = (
				C7926F172A14BEE800AD708C /* Login */,
				C7926F0E2A14ADB000AD708C /* Setting */,
				C7926F062A14ABF800AD708C /* Main */,
				C7FFBEC82A1DAA54002C63E2 /* SetGoal */,
			);
			path = View;
			sourceTree = "<group>";
		};
		C7926F062A14ABF800AD708C /* Main */ = {
			isa = PBXGroup;
			children = (
				C7926EE82A1498D700AD708C /* ViewController.swift */,
				C74995302A1F006200AA2251 /* ViewController+Extension.swift */,
				C7926F072A14AC0100AD708C /* ViewModel.swift */,
				C7FFBECF2A1DB03B002C63E2 /* GoalCollectionViewCell */,
			);
			path = Main;
			sourceTree = "<group>";
		};
		C7926F0E2A14ADB000AD708C /* Setting */ = {
			isa = PBXGroup;
			children = (
				C7926F0F2A14ADBD00AD708C /* SettingViewController.swift */,
				C7C3A75B2A1C4A190076C829 /* SettingViewController+Extension.swift */,
				C7C3A7592A1C49C70076C829 /* SettingType.swift */,
			);
			path = Setting;
			sourceTree = "<group>";
		};
		C7926F112A14B37700AD708C /* GithubAPI */ = {
			isa = PBXGroup;
			children = (
				C7926F132A14B56900AD708C /* RequestManager.swift */,
				C7FFBEBA2A1CE56F002C63E2 /* RequestManager+Result.swift */,
				C7FFBEBC2A1CE582002C63E2 /* RequestManager+Generic.swift */,
				C7926F1F2A14CF3400AD708C /* GithubAPI.swift */,
				C7926F152A14B58500AD708C /* HTTPMethod.swift */,
				C7926F1D2A14CB9800AD708C /* NetworkError.swift */,
				C7926F212A14D20B00AD708C /* Token.swift */,
				C7FFBEBE2A1CE753002C63E2 /* User.swift */,
				C7FFBEC92A1DAF7E002C63E2 /* Goal.swift */,
			);
			path = GithubAPI;
			sourceTree = "<group>";
		};
		C7926F122A14B55900AD708C /* Extension */ = {
			isa = PBXGroup;
			children = (
				C7926EFB2A14A57A00AD708C /* UIControl+Extension.swift */,
				C7FFBEC02A1CEA27002C63E2 /* CGFloat+Extension.swift */,
				C7926F032A14A98600AD708C /* UIColor+Extension.swift */,
				C7C3A7502A1C3A770076C829 /* UIView+Extension.swift */,
				C7FFBEC22A1CEC2C002C63E2 /* UIImageView+Extension.swift */,
				C7C3A7522A1C3FCE0076C829 /* Data+Extension.swift */,
				C7C3A7552A1C43930076C829 /* UIApplication+Extension.swift */,
			);
			path = Extension;
			sourceTree = "<group>";
		};
		C7926F172A14BEE800AD708C /* Login */ = {
			isa = PBXGroup;
			children = (
				C7926F182A14BEF800AD708C /* LoginViewController.swift */,
			);
			path = Login;
			sourceTree = "<group>";
		};
		C7C3A7542A1C42B40076C829 /* Manager */ = {
			isa = PBXGroup;
			children = (
				C7926F1A2A14BFE300AD708C /* PersistenceManager.swift */,
				C7C3A7572A1C447E0076C829 /* WindowManager.swift */,
			);
			path = Manager;
			sourceTree = "<group>";
		};
		C7FFBEC82A1DAA54002C63E2 /* SetGoal */ = {
			isa = PBXGroup;
			children = (
				C7FFBEC42A1DA7F0002C63E2 /* SetDeadlineViewController.swift */,
				C7FFBEC62A1DAA28002C63E2 /* SetGoalViewController.swift */,
			);
			path = SetGoal;
			sourceTree = "<group>";
		};
		C7FFBECF2A1DB03B002C63E2 /* GoalCollectionViewCell */ = {
			isa = PBXGroup;
			children = (
				C7FFBECB2A1DB035002C63E2 /* GoalCollectionViewCell.swift */,
				C7FFBECC2A1DB035002C63E2 /* GoalCollectionViewCell.xib */,
			);
			path = GoalCollectionViewCell;
			sourceTree = "<group>";
		};
/* End PBXGroup section */

/* Begin PBXNativeTarget section */
		C7926EE02A1498D700AD708C /* DUX */ = {
			isa = PBXNativeTarget;
			buildConfigurationList = C7926EF52A1498D800AD708C /* Build configuration list for PBXNativeTarget "DUX" */;
			buildPhases = (
				C7926EDD2A1498D700AD708C /* Sources */,
				C7926EDE2A1498D700AD708C /* Frameworks */,
				C7926EDF2A1498D700AD708C /* Resources */,
			);
			buildRules = (
			);
			dependencies = (
			);
			name = DUX;
			productName = DUX;
			productReference = C7926EE12A1498D700AD708C /* DUX.app */;
			productType = "com.apple.product-type.application";
		};
/* End PBXNativeTarget section */

/* Begin PBXProject section */
		C7926ED92A1498D700AD708C /* Project object */ = {
			isa = PBXProject;
			attributes = {
				BuildIndependentTargetsInParallel = 1;
				LastSwiftUpdateCheck = 1410;
				LastUpgradeCheck = 1410;
				TargetAttributes = {
					C7926EE02A1498D700AD708C = {
						CreatedOnToolsVersion = 14.1;
					};
				};
			};
			buildConfigurationList = C7926EDC2A1498D700AD708C /* Build configuration list for PBXProject "DUX" */;
			compatibilityVersion = "Xcode 14.0";
			developmentRegion = en;
			hasScannedForEncodings = 0;
			knownRegions = (
				en,
				Base,
			);
			mainGroup = C7926ED82A1498D700AD708C;
			productRefGroup = C7926EE22A1498D700AD708C /* Products */;
			projectDirPath = "";
			projectRoot = "";
			targets = (
				C7926EE02A1498D700AD708C /* DUX */,
			);
		};
/* End PBXProject section */

/* Begin PBXResourcesBuildPhase section */
		C7926EDF2A1498D700AD708C /* Resources */ = {
			isa = PBXResourcesBuildPhase;
			buildActionMask = 2147483647;
			files = (
				C7926EF12A1498D800AD708C /* LaunchScreen.storyboard in Resources */,
				C7FFBECE2A1DB035002C63E2 /* GoalCollectionViewCell.xib in Resources */,
				C7926EEE2A1498D800AD708C /* Assets.xcassets in Resources */,
				C7926F022A14A94600AD708C /* Color.xcassets in Resources */,
			);
			runOnlyForDeploymentPostprocessing = 0;
		};
/* End PBXResourcesBuildPhase section */

/* Begin PBXSourcesBuildPhase section */
		C7926EDD2A1498D700AD708C /* Sources */ = {
			isa = PBXSourcesBuildPhase;
			buildActionMask = 2147483647;
			files = (
				C74995312A1F006200AA2251 /* ViewController+Extension.swift in Sources */,
				C7FFBEBF2A1CE753002C63E2 /* User.swift in Sources */,
				C7FFBEBB2A1CE56F002C63E2 /* RequestManager+Result.swift in Sources */,
				C7FFBEC32A1CEC2C002C63E2 /* UIImageView+Extension.swift in Sources */,
				C7FFBEBD2A1CE582002C63E2 /* RequestManager+Generic.swift in Sources */,
				C7926F192A14BEF800AD708C /* LoginViewController.swift in Sources */,
				C7926F222A14D20B00AD708C /* Token.swift in Sources */,
				C7926F202A14CF3400AD708C /* GithubAPI.swift in Sources */,
				C7926F1E2A14CB9800AD708C /* NetworkError.swift in Sources */,
				C7926F042A14A98600AD708C /* UIColor+Extension.swift in Sources */,
				C7926EE92A1498D700AD708C /* ViewController.swift in Sources */,
				C7926EFE2A14A5BD00AD708C /* GesturePublisher.swift in Sources */,
				C7FFBEC72A1DAA28002C63E2 /* SetGoalViewController.swift in Sources */,
				C7FFBEC52A1DA7F0002C63E2 /* SetDeadlineViewController.swift in Sources */,
				C7C3A75A2A1C49C70076C829 /* SettingType.swift in Sources */,
				C7C3A7512A1C3A770076C829 /* UIView+Extension.swift in Sources */,
				C7926F162A14B58500AD708C /* HTTPMethod.swift in Sources */,
				C7C3A7582A1C447E0076C829 /* WindowManager.swift in Sources */,
				C7926F1B2A14BFE300AD708C /* PersistenceManager.swift in Sources */,
				C7926EE52A1498D700AD708C /* AppDelegate.swift in Sources */,
				C7926EE72A1498D700AD708C /* SceneDelegate.swift in Sources */,
				C7926F142A14B56900AD708C /* RequestManager.swift in Sources */,
				C7C3A7562A1C43930076C829 /* UIApplication+Extension.swift in Sources */,
				C7926F102A14ADBD00AD708C /* SettingViewController.swift in Sources */,
				C7926EFC2A14A57A00AD708C /* UIControl+Extension.swift in Sources */,
				C7926F082A14AC0100AD708C /* ViewModel.swift in Sources */,
				C7FFBEC12A1CEA27002C63E2 /* CGFloat+Extension.swift in Sources */,
				C7FFBECD2A1DB035002C63E2 /* GoalCollectionViewCell.swift in Sources */,
				C7926F002A14A6A600AD708C /* BaseViewController.swift in Sources */,
				C7C3A7532A1C3FCE0076C829 /* Data+Extension.swift in Sources */,
				C7FFBECA2A1DAF7E002C63E2 /* Goal.swift in Sources */,
				C7C3A75C2A1C4A190076C829 /* SettingViewController+Extension.swift in Sources */,
			);
			runOnlyForDeploymentPostprocessing = 0;
		};
/* End PBXSourcesBuildPhase section */

/* Begin PBXVariantGroup section */
		C7926EEF2A1498D800AD708C /* LaunchScreen.storyboard */ = {
			isa = PBXVariantGroup;
			children = (
				C7926EF02A1498D800AD708C /* Base */,
			);
			name = LaunchScreen.storyboard;
			sourceTree = "<group>";
		};
/* End PBXVariantGroup section */

/* Begin XCBuildConfiguration section */
		C7926EF32A1498D800AD708C /* Debug */ = {
			isa = XCBuildConfiguration;
			buildSettings = {
				ALWAYS_SEARCH_USER_PATHS = NO;
				CLANG_ANALYZER_NONNULL = YES;
				CLANG_ANALYZER_NUMBER_OBJECT_CONVERSION = YES_AGGRESSIVE;
				CLANG_CXX_LANGUAGE_STANDARD = "gnu++20";
				CLANG_ENABLE_MODULES = YES;
				CLANG_ENABLE_OBJC_ARC = YES;
				CLANG_ENABLE_OBJC_WEAK = YES;
				CLANG_WARN_BLOCK_CAPTURE_AUTORELEASING = YES;
				CLANG_WARN_BOOL_CONVERSION = YES;
				CLANG_WARN_COMMA = YES;
				CLANG_WARN_CONSTANT_CONVERSION = YES;
				CLANG_WARN_DEPRECATED_OBJC_IMPLEMENTATIONS = YES;
				CLANG_WARN_DIRECT_OBJC_ISA_USAGE = YES_ERROR;
				CLANG_WARN_DOCUMENTATION_COMMENTS = YES;
				CLANG_WARN_EMPTY_BODY = YES;
				CLANG_WARN_ENUM_CONVERSION = YES;
				CLANG_WARN_INFINITE_RECURSION = YES;
				CLANG_WARN_INT_CONVERSION = YES;
				CLANG_WARN_NON_LITERAL_NULL_CONVERSION = YES;
				CLANG_WARN_OBJC_IMPLICIT_RETAIN_SELF = YES;
				CLANG_WARN_OBJC_LITERAL_CONVERSION = YES;
				CLANG_WARN_OBJC_ROOT_CLASS = YES_ERROR;
				CLANG_WARN_QUOTED_INCLUDE_IN_FRAMEWORK_HEADER = YES;
				CLANG_WARN_RANGE_LOOP_ANALYSIS = YES;
				CLANG_WARN_STRICT_PROTOTYPES = YES;
				CLANG_WARN_SUSPICIOUS_MOVE = YES;
				CLANG_WARN_UNGUARDED_AVAILABILITY = YES_AGGRESSIVE;
				CLANG_WARN_UNREACHABLE_CODE = YES;
				CLANG_WARN__DUPLICATE_METHOD_MATCH = YES;
				COPY_PHASE_STRIP = NO;
				DEBUG_INFORMATION_FORMAT = dwarf;
				ENABLE_STRICT_OBJC_MSGSEND = YES;
				ENABLE_TESTABILITY = YES;
				GCC_C_LANGUAGE_STANDARD = gnu11;
				GCC_DYNAMIC_NO_PIC = NO;
				GCC_NO_COMMON_BLOCKS = YES;
				GCC_OPTIMIZATION_LEVEL = 0;
				GCC_PREPROCESSOR_DEFINITIONS = (
					"DEBUG=1",
					"$(inherited)",
				);
				GCC_WARN_64_TO_32_BIT_CONVERSION = YES;
				GCC_WARN_ABOUT_RETURN_TYPE = YES_ERROR;
				GCC_WARN_UNDECLARED_SELECTOR = YES;
				GCC_WARN_UNINITIALIZED_AUTOS = YES_AGGRESSIVE;
				GCC_WARN_UNUSED_FUNCTION = YES;
				GCC_WARN_UNUSED_VARIABLE = YES;
				IPHONEOS_DEPLOYMENT_TARGET = 16.1;
				MTL_ENABLE_DEBUG_INFO = INCLUDE_SOURCE;
				MTL_FAST_MATH = YES;
				ONLY_ACTIVE_ARCH = YES;
				SDKROOT = iphoneos;
				SWIFT_ACTIVE_COMPILATION_CONDITIONS = DEBUG;
				SWIFT_OPTIMIZATION_LEVEL = "-Onone";
			};
			name = Debug;
		};
		C7926EF42A1498D800AD708C /* Release */ = {
			isa = XCBuildConfiguration;
			buildSettings = {
				ALWAYS_SEARCH_USER_PATHS = NO;
				CLANG_ANALYZER_NONNULL = YES;
				CLANG_ANALYZER_NUMBER_OBJECT_CONVERSION = YES_AGGRESSIVE;
				CLANG_CXX_LANGUAGE_STANDARD = "gnu++20";
				CLANG_ENABLE_MODULES = YES;
				CLANG_ENABLE_OBJC_ARC = YES;
				CLANG_ENABLE_OBJC_WEAK = YES;
				CLANG_WARN_BLOCK_CAPTURE_AUTORELEASING = YES;
				CLANG_WARN_BOOL_CONVERSION = YES;
				CLANG_WARN_COMMA = YES;
				CLANG_WARN_CONSTANT_CONVERSION = YES;
				CLANG_WARN_DEPRECATED_OBJC_IMPLEMENTATIONS = YES;
				CLANG_WARN_DIRECT_OBJC_ISA_USAGE = YES_ERROR;
				CLANG_WARN_DOCUMENTATION_COMMENTS = YES;
				CLANG_WARN_EMPTY_BODY = YES;
				CLANG_WARN_ENUM_CONVERSION = YES;
				CLANG_WARN_INFINITE_RECURSION = YES;
				CLANG_WARN_INT_CONVERSION = YES;
				CLANG_WARN_NON_LITERAL_NULL_CONVERSION = YES;
				CLANG_WARN_OBJC_IMPLICIT_RETAIN_SELF = YES;
				CLANG_WARN_OBJC_LITERAL_CONVERSION = YES;
				CLANG_WARN_OBJC_ROOT_CLASS = YES_ERROR;
				CLANG_WARN_QUOTED_INCLUDE_IN_FRAMEWORK_HEADER = YES;
				CLANG_WARN_RANGE_LOOP_ANALYSIS = YES;
				CLANG_WARN_STRICT_PROTOTYPES = YES;
				CLANG_WARN_SUSPICIOUS_MOVE = YES;
				CLANG_WARN_UNGUARDED_AVAILABILITY = YES_AGGRESSIVE;
				CLANG_WARN_UNREACHABLE_CODE = YES;
				CLANG_WARN__DUPLICATE_METHOD_MATCH = YES;
				COPY_PHASE_STRIP = NO;
				DEBUG_INFORMATION_FORMAT = "dwarf-with-dsym";
				ENABLE_NS_ASSERTIONS = NO;
				ENABLE_STRICT_OBJC_MSGSEND = YES;
				GCC_C_LANGUAGE_STANDARD = gnu11;
				GCC_NO_COMMON_BLOCKS = YES;
				GCC_WARN_64_TO_32_BIT_CONVERSION = YES;
				GCC_WARN_ABOUT_RETURN_TYPE = YES_ERROR;
				GCC_WARN_UNDECLARED_SELECTOR = YES;
				GCC_WARN_UNINITIALIZED_AUTOS = YES_AGGRESSIVE;
				GCC_WARN_UNUSED_FUNCTION = YES;
				GCC_WARN_UNUSED_VARIABLE = YES;
				IPHONEOS_DEPLOYMENT_TARGET = 16.1;
				MTL_ENABLE_DEBUG_INFO = NO;
				MTL_FAST_MATH = YES;
				SDKROOT = iphoneos;
				SWIFT_COMPILATION_MODE = wholemodule;
				SWIFT_OPTIMIZATION_LEVEL = "-O";
				VALIDATE_PRODUCT = YES;
			};
			name = Release;
		};
		C7926EF62A1498D800AD708C /* Debug */ = {
			isa = XCBuildConfiguration;
			buildSettings = {
				ASSETCATALOG_COMPILER_APPICON_NAME = AppIcon;
				ASSETCATALOG_COMPILER_GLOBAL_ACCENT_COLOR_NAME = AccentColor;
				CODE_SIGN_STYLE = Automatic;
				CURRENT_PROJECT_VERSION = 1;
				DEVELOPMENT_TEAM = Z629PZ4XVL;
				GENERATE_INFOPLIST_FILE = YES;
				INFOPLIST_FILE = DUX/App/Info.plist;
				INFOPLIST_KEY_UIApplicationSupportsIndirectInputEvents = YES;
				INFOPLIST_KEY_UILaunchStoryboardName = LaunchScreen;
				INFOPLIST_KEY_UIStatusBarStyle = UIStatusBarStyleLightContent;
				INFOPLIST_KEY_UISupportedInterfaceOrientations = UIInterfaceOrientationPortrait;
				INFOPLIST_KEY_UIUserInterfaceStyle = Dark;
				LD_RUNPATH_SEARCH_PATHS = (
					"$(inherited)",
					"@executable_path/Frameworks",
				);
				MARKETING_VERSION = 1.0;
				PRODUCT_BUNDLE_IDENTIFIER = com.moonjs.DUX;
				PRODUCT_NAME = "$(TARGET_NAME)";
				SUPPORTED_PLATFORMS = "iphoneos iphonesimulator";
				SUPPORTS_MACCATALYST = NO;
				SUPPORTS_MAC_DESIGNED_FOR_IPHONE_IPAD = YES;
				SWIFT_EMIT_LOC_STRINGS = YES;
				SWIFT_VERSION = 5.0;
				TARGETED_DEVICE_FAMILY = 1;
			};
			name = Debug;
		};
		C7926EF72A1498D800AD708C /* Release */ = {
			isa = XCBuildConfiguration;
			buildSettings = {
				ASSETCATALOG_COMPILER_APPICON_NAME = AppIcon;
				ASSETCATALOG_COMPILER_GLOBAL_ACCENT_COLOR_NAME = AccentColor;
				CODE_SIGN_STYLE = Automatic;
				CURRENT_PROJECT_VERSION = 1;
				DEVELOPMENT_TEAM = Z629PZ4XVL;
				GENERATE_INFOPLIST_FILE = YES;
				INFOPLIST_FILE = DUX/App/Info.plist;
				INFOPLIST_KEY_UIApplicationSupportsIndirectInputEvents = YES;
				INFOPLIST_KEY_UILaunchStoryboardName = LaunchScreen;
				INFOPLIST_KEY_UIStatusBarStyle = UIStatusBarStyleLightContent;
				INFOPLIST_KEY_UISupportedInterfaceOrientations = UIInterfaceOrientationPortrait;
				INFOPLIST_KEY_UIUserInterfaceStyle = Dark;
				LD_RUNPATH_SEARCH_PATHS = (
					"$(inherited)",
					"@executable_path/Frameworks",
				);
				MARKETING_VERSION = 1.0;
				PRODUCT_BUNDLE_IDENTIFIER = com.moonjs.DUX;
				PRODUCT_NAME = "$(TARGET_NAME)";
				SUPPORTED_PLATFORMS = "iphoneos iphonesimulator";
				SUPPORTS_MACCATALYST = NO;
				SUPPORTS_MAC_DESIGNED_FOR_IPHONE_IPAD = YES;
				SWIFT_EMIT_LOC_STRINGS = YES;
				SWIFT_VERSION = 5.0;
				TARGETED_DEVICE_FAMILY = 1;
			};
			name = Release;
		};
/* End XCBuildConfiguration section */

/* Begin XCConfigurationList section */
		C7926EDC2A1498D700AD708C /* Build configuration list for PBXProject "DUX" */ = {
			isa = XCConfigurationList;
			buildConfigurations = (
				C7926EF32A1498D800AD708C /* Debug */,
				C7926EF42A1498D800AD708C /* Release */,
			);
			defaultConfigurationIsVisible = 0;
			defaultConfigurationName = Release;
		};
		C7926EF52A1498D800AD708C /* Build configuration list for PBXNativeTarget "DUX" */ = {
			isa = XCConfigurationList;
			buildConfigurations = (
				C7926EF62A1498D800AD708C /* Debug */,
				C7926EF72A1498D800AD708C /* Release */,
			);
			defaultConfigurationIsVisible = 0;
			defaultConfigurationName = Release;
		};
/* End XCConfigurationList section */
	};
	rootObject = C7926ED92A1498D700AD708C /* Project object */;
}
